
Microsoft Visual Studio Solution File, Format Version 12.00
# Visual Studio Version 16
VisualStudioVersion = 16.0.30907.101
MinimumVisualStudioVersion = 10.0.40219.1
Project("{FAE04EC0-301F-11D3-BF4B-00C04F79EFBC}") = "OOP_7", "OOP_7\OOP_7.csproj", "{1226B44A-51BD-4ACF-8A09-203F1A8A7871}"
EndProject
Global
	GlobalSection(SolutionConfigurationPlatforms) = preSolution
		Debug|Any CPU = Debug|Any CPU
		Release|Any CPU = Release|Any CPU
	EndGlobalSection
	GlobalSection(ProjectConfigurationPlatforms) = postSolution
		{1226B44A-51BD-4ACF-8A09-203F1A8A7871}.Debug|Any CPU.ActiveCfg = Debug|Any CPU
		{1226B44A-51BD-4ACF-8A09-203F1A8A7871}.Debug|Any CPU.Build.0 = Debug|Any CPU
		{1226B44A-51BD-4ACF-8A09-203F1A8A7871}.Release|Any CPU.ActiveCfg = Release|Any CPU
		{1226B44A-51BD-4ACF-8A09-203F1A8A7871}.Release|Any CPU.Build.0 = Release|Any CPU
	EndGlobalSection
	GlobalSection(SolutionProperties) = preSolution
		HideSolutionNode = FALSE
	EndGlobalSection
	GlobalSection(ExtensibilityGlobals) = postSolution
		SolutionGuid = {6F4BE908-CB0A-4831-81CD-7A11C9A435DD}
	EndGlobalSection
EndGlobal
